PODS:
  - React (0.58.6):
    - React/Core (= 0.58.6)
  - React/Core (0.58.6):
    - yoga (= 0.58.6.React)
  - rn-fetch-blob (0.10.6):
    - React/Core
  - RNGestureHandler (1.1.0):
    - React
  - yoga (0.58.6.React)

DEPENDENCIES:
  - React (from `../node_modules/react-native`)
  - rn-fetch-blob (from `../node_modules/rn-fetch-blob`)
  - RNGestureHandler (from `../node_modules/react-native-gesture-handler`)
  - yoga (from `../node_modules/react-native/ReactCommon/yoga`)

EXTERNAL SOURCES:
  React:
    :path: "../node_modules/react-native"
  rn-fetch-blob:
    :path: "../node_modules/rn-fetch-blob"
  RNGestureHandler:
    :path: "../node_modules/react-native-gesture-handler"
  yoga:
    :path: "../node_modules/react-native/ReactCommon/yoga"

SPEC CHECKSUMS:
  React: 130b87b2d5e2baac646954282cab87be986d98fc
  rn-fetch-blob: 766f85cabd2992300dfa1be2bc9e4e258abc6f04
  RNGestureHandler: b65d391f4f570178d657b99a16ec99d09b8656b0
  yoga: 32d7ef1081951e9a35a4c72a7be797598b138a48

PODFILE CHECKSUM: db440fa75bf91a7f906dfab509fefcd6692d4730

COCOAPODS: 1.6.1
